schema: '2.0'
stages:
  prepare:
    cmd: python src/prepare.py
    deps:
    - path: data/iris.csv
      hash: md5
      md5: 21d441a28bce4417276097df955afc50
      size: 2928
    - path: src/prepare.py
      hash: md5
      md5: 953d171fe99b6dfe39768026302e2b21
      size: 772
    outs:
    - path: data/processed/iris_processed.csv
      hash: md5
      md5: 81b864fc2dc82d29a62f43a010105d8b
      size: 2928
  featureize:
    cmd: python src/featureize.py
    deps:
    - path: data/processed/iris_processed.csv
      hash: md5
      md5: 81b864fc2dc82d29a62f43a010105d8b
      size: 2928
    - path: src/featureize.py
      hash: md5
      md5: 64b72f57c588fc9486a3d74eca1e8bd2
      size: 1037
    outs:
    - path: data/featureized/iris_featureized.csv
      hash: md5
      md5: f464cae0925c551e714a5ebd0cf3c280
      size: 12249
  train:
    cmd: python src/train.py
    deps:
    - path: data/featureized/iris_featureized.csv
      hash: md5
      md5: f464cae0925c551e714a5ebd0cf3c280
      size: 12249
    - path: src/train.py
      hash: md5
      md5: fb0d17712e1f705259ef8d1ebbe7a2f2
      size: 1251
    outs:
    - path: models/iris_model.pkl
      hash: md5
      md5: 97dec7b1aa2b78a88948e6bd06cb8146
      size: 157233
  evaluate:
    cmd: python src/evaluate.py
    deps:
    - path: data/featureized/iris_featureized.csv
      hash: md5
      md5: f464cae0925c551e714a5ebd0cf3c280
      size: 12249
    - path: models/iris_model.pkl
      hash: md5
      md5: 97dec7b1aa2b78a88948e6bd06cb8146
      size: 157233
    - path: src/evaluate.py
      hash: md5
      md5: cf3695cf2ad0e70b81619890fe531ed1
      size: 791
