schema: '2.0'
stages:
  prepare:
    cmd: python src/prepare.py
    deps:
    - path: data/iris.csv
      hash: md5
      md5: 4d301abed5efe50eccda350cde38e0eb
      size: 2777
    - path: src/prepare.py
      hash: md5
      md5: 407d0b0def712966c22807dcd0a608cf
      size: 743
    params:
      params.yaml:
        prepare.data_path: data/iris.csv
        prepare.output_path: data/processed/iris_processed.csv
    outs:
    - path: data/processed/iris_processed.csv
      hash: md5
      md5: a981a29c3052cbdba91078b01780f08c
      size: 2777
  featureize:
    cmd: python src/featureize.py
    deps:
    - path: data/processed/iris_processed.csv
      hash: md5
      md5: a981a29c3052cbdba91078b01780f08c
      size: 2777
    - path: src/featureize.py
      hash: md5
      md5: f07cb83fb6fbdd8b9d3e1cb8456fb141
      size: 1179
    params:
      params.yaml:
        featureize.input_path: data/processed/iris_processed.csv
        featureize.output_path: data/featureized/iris_featureized.csv
    outs:
    - path: data/featureized/iris_featureized.csv
      hash: md5
      md5: 07adaa89c3cf4f620ff91fb4ea6169a6
      size: 12098
  train:
    cmd: python src/train.py
    deps:
    - path: data/featureized/iris_featureized.csv
      hash: md5
      md5: 07adaa89c3cf4f620ff91fb4ea6169a6
      size: 12098
    - path: src/train.py
      hash: md5
      md5: 556485632ad70aed9363100e896529c8
      size: 2069
    params:
      params.yaml:
        train.input_path: data/featureized/iris_featureized.csv
        train.max_depth: 5
        train.model_output: models/iris_model.pkl
        train.n_estimators: 100
        train.random_state: 42
        train.test_size: 0.2
    outs:
    - path: models/iris_model.pkl
      hash: md5
      md5: 4a44958f6b5e70334579c37a4fdbba23
      size: 2865
  evaluate:
    cmd: python src/evaluate.py
    deps:
    - path: data/featureized/iris_featureized.csv
      hash: md5
      md5: 07adaa89c3cf4f620ff91fb4ea6169a6
      size: 12098
    - path: models/iris_model.pkl
      hash: md5
      md5: 4a44958f6b5e70334579c37a4fdbba23
      size: 2865
    - path: src/evaluate.py
      hash: md5
      md5: cf4da036271900b8615a16214a61067f
      size: 759
    params:
      params.yaml:
        evaluate.model_path: models/iris_model.pkl
        evaluate.test_data_path: data/featureized/iris_featureized.csv
